
Microsoft Visual Studio Solution File, Format Version 12.00
# Visual Studio 15
VisualStudioVersion = 15.0.26730.16
MinimumVisualStudioVersion = 10.0.40219.1
Project("{FAE04EC0-301F-11D3-BF4B-00C04F79EFBC}") = "Domain", "Domain\Domain.csproj", "{949D752C-77E4-47D3-B1DB-860A64F1C42C}"
EndProject
Project("{FAE04EC0-301F-11D3-BF4B-00C04F79EFBC}") = "Framework", "Framework\Framework.csproj", "{C33D50CD-8406-46E7-B5DC-846374F13F75}"
EndProject
Project("{FAE04EC0-301F-11D3-BF4B-00C04F79EFBC}") = "Data", "Data\Data.csproj", "{EE5C09E4-7531-4C21-A818-7A8079B2CB96}"
EndProject
Global
	GlobalSection(SolutionConfigurationPlatforms) = preSolution
		Debug|Any CPU = Debug|Any CPU
		Release|Any CPU = Release|Any CPU
	EndGlobalSection
	GlobalSection(ProjectConfigurationPlatforms) = postSolution
		{949D752C-77E4-47D3-B1DB-860A64F1C42C}.Debug|Any CPU.ActiveCfg = Debug|Any CPU
		{949D752C-77E4-47D3-B1DB-860A64F1C42C}.Debug|Any CPU.Build.0 = Debug|Any CPU
		{949D752C-77E4-47D3-B1DB-860A64F1C42C}.Release|Any CPU.ActiveCfg = Release|Any CPU
		{949D752C-77E4-47D3-B1DB-860A64F1C42C}.Release|Any CPU.Build.0 = Release|Any CPU
		{C33D50CD-8406-46E7-B5DC-846374F13F75}.Debug|Any CPU.ActiveCfg = Debug|Any CPU
		{C33D50CD-8406-46E7-B5DC-846374F13F75}.Debug|Any CPU.Build.0 = Debug|Any CPU
		{C33D50CD-8406-46E7-B5DC-846374F13F75}.Release|Any CPU.ActiveCfg = Release|Any CPU
		{C33D50CD-8406-46E7-B5DC-846374F13F75}.Release|Any CPU.Build.0 = Release|Any CPU
		{EE5C09E4-7531-4C21-A818-7A8079B2CB96}.Debug|Any CPU.ActiveCfg = Debug|Any CPU
		{EE5C09E4-7531-4C21-A818-7A8079B2CB96}.Debug|Any CPU.Build.0 = Debug|Any CPU
		{EE5C09E4-7531-4C21-A818-7A8079B2CB96}.Release|Any CPU.ActiveCfg = Release|Any CPU
		{EE5C09E4-7531-4C21-A818-7A8079B2CB96}.Release|Any CPU.Build.0 = Release|Any CPU
	EndGlobalSection
	GlobalSection(SolutionProperties) = preSolution
		HideSolutionNode = FALSE
	EndGlobalSection
	GlobalSection(ExtensibilityGlobals) = postSolution
		SolutionGuid = {74E275B9-87B4-44E6-AAA8-A74892B4C766}
	EndGlobalSection
EndGlobal
